
Microsoft Visual Studio Solution File, Format Version 12.00
# Visual Studio Version 16
VisualStudioVersion = 16.0.29009.5
MinimumVisualStudioVersion = 10.0.40219.1
Project("{9A19103F-16F7-4668-BE54-9A1E7A4F7556}") = "ConsoleApp1", "ConsoleApp1.csproj", "{EF59B50C-7667-4DEA-AACC-BBB4C2BDF299}"
EndProject
Project("{FAE04EC0-301F-11D3-BF4B-00C04F79EFBC}") = "ConvertNS_0.2", "..\ConvertNS_0.2\ConvertNS_0.2.csproj", "{0D726F31-A6B5-4AB3-8B47-7DE2ADEEE0FE}"
EndProject
Global
	GlobalSection(SolutionConfigurationPlatforms) = preSolution
		Debug|Any CPU = Debug|Any CPU
		Release|Any CPU = Release|Any CPU
	EndGlobalSection
	GlobalSection(ProjectConfigurationPlatforms) = postSolution
		{EF59B50C-7667-4DEA-AACC-BBB4C2BDF299}.Debug|Any CPU.ActiveCfg = Debug|Any CPU
		{EF59B50C-7667-4DEA-AACC-BBB4C2BDF299}.Debug|Any CPU.Build.0 = Debug|Any CPU
		{EF59B50C-7667-4DEA-AACC-BBB4C2BDF299}.Release|Any CPU.ActiveCfg = Release|Any CPU
		{EF59B50C-7667-4DEA-AACC-BBB4C2BDF299}.Release|Any CPU.Build.0 = Release|Any CPU
		{0D726F31-A6B5-4AB3-8B47-7DE2ADEEE0FE}.Debug|Any CPU.ActiveCfg = Debug|Any CPU
		{0D726F31-A6B5-4AB3-8B47-7DE2ADEEE0FE}.Debug|Any CPU.Build.0 = Debug|Any CPU
		{0D726F31-A6B5-4AB3-8B47-7DE2ADEEE0FE}.Release|Any CPU.ActiveCfg = Release|Any CPU
		{0D726F31-A6B5-4AB3-8B47-7DE2ADEEE0FE}.Release|Any CPU.Build.0 = Release|Any CPU
	EndGlobalSection
	GlobalSection(SolutionProperties) = preSolution
		HideSolutionNode = FALSE
	EndGlobalSection
	GlobalSection(ExtensibilityGlobals) = postSolution
		SolutionGuid = {56AB9643-7B12-4CA2-8E8B-B1B51FE1ABC0}
	EndGlobalSection
EndGlobal
